
Microsoft Visual Studio Solution File, Format Version 12.00
# Visual Studio Version 17
VisualStudioVersion = 17.4.33122.133
MinimumVisualStudioVersion = 10.0.40219.1
Project("{FAE04EC0-301F-11D3-BF4B-00C04F79EFBC}") = "Pokedex2", "Pokedex2\Pokedex2.csproj", "{8D88D0B5-8A89-4013-A0FD-587EB227B0D4}"
EndProject
Global
	GlobalSection(SolutionConfigurationPlatforms) = preSolution
		Debug|Any CPU = Debug|Any CPU
		Release|Any CPU = Release|Any CPU
	EndGlobalSection
	GlobalSection(ProjectConfigurationPlatforms) = postSolution
		{8D88D0B5-8A89-4013-A0FD-587EB227B0D4}.Debug|Any CPU.ActiveCfg = Debug|Any CPU
		{8D88D0B5-8A89-4013-A0FD-587EB227B0D4}.Debug|Any CPU.Build.0 = Debug|Any CPU
		{8D88D0B5-8A89-4013-A0FD-587EB227B0D4}.Release|Any CPU.ActiveCfg = Release|Any CPU
		{8D88D0B5-8A89-4013-A0FD-587EB227B0D4}.Release|Any CPU.Build.0 = Release|Any CPU
	EndGlobalSection
	GlobalSection(SolutionProperties) = preSolution
		HideSolutionNode = FALSE
	EndGlobalSection
	GlobalSection(ExtensibilityGlobals) = postSolution
		SolutionGuid = {133DE86E-FEA8-4E5B-B44A-FFBAE2B36B87}
	EndGlobalSection
EndGlobal
